
Microsoft Visual Studio Solution File, Format Version 12.00
# Visual Studio Version 16
VisualStudioVersion = 16.0.30907.101
MinimumVisualStudioVersion = 10.0.40219.1
Project("{FAE04EC0-301F-11D3-BF4B-00C04F79EFBC}") = "tarea durisima", "tarea durisima\tarea durisima.csproj", "{87728AA3-72D1-48A3-A666-0D02B01125C2}"
EndProject
Global
	GlobalSection(SolutionConfigurationPlatforms) = preSolution
		Debug|Any CPU = Debug|Any CPU
		Release|Any CPU = Release|Any CPU
	EndGlobalSection
	GlobalSection(ProjectConfigurationPlatforms) = postSolution
		{87728AA3-72D1-48A3-A666-0D02B01125C2}.Debug|Any CPU.ActiveCfg = Debug|Any CPU
		{87728AA3-72D1-48A3-A666-0D02B01125C2}.Debug|Any CPU.Build.0 = Debug|Any CPU
		{87728AA3-72D1-48A3-A666-0D02B01125C2}.Release|Any CPU.ActiveCfg = Release|Any CPU
		{87728AA3-72D1-48A3-A666-0D02B01125C2}.Release|Any CPU.Build.0 = Release|Any CPU
	EndGlobalSection
	GlobalSection(SolutionProperties) = preSolution
		HideSolutionNode = FALSE
	EndGlobalSection
	GlobalSection(ExtensibilityGlobals) = postSolution
		SolutionGuid = {1732AD0E-1E40-4D1E-BD99-1B11958BC90B}
	EndGlobalSection
EndGlobal
